
Microsoft Visual Studio Solution File, Format Version 12.00
# Visual Studio 15
VisualStudioVersion = 15.0.26124.0
MinimumVisualStudioVersion = 15.0.26124.0
Project("{2150E333-8FDC-42A3-9474-1A3956D46DE8}") = "src", "src", "{2C99A755-F6D1-4778-AA6B-89BF8D53ACD9}"
EndProject
Project("{FAE04EC0-301F-11D3-BF4B-00C04F79EFBC}") = "MarketData.Backends", "src\MarketData.Backends\MarketData.Backends.csproj", "{C42EECDC-A264-49C2-8571-59FD7B43EAB7}"
EndProject
Project("{FAE04EC0-301F-11D3-BF4B-00C04F79EFBC}") = "MarketData.Common", "src\MarketData.Common\MarketData.Common.csproj", "{9D2B4DA7-5A46-4534-9F7D-FFF3CAFFF6DC}"
EndProject
Project("{2150E333-8FDC-42A3-9474-1A3956D46DE8}") = "Bridges", "Bridges", "{C280EC4A-D766-4AEE-9D24-1116F5942DE1}"
EndProject
Project("{FAE04EC0-301F-11D3-BF4B-00C04F79EFBC}") = "MarketData.Bridge.Forex", "src\Bridges\MarketData.ForexServer\MarketData.Bridge.Forex.csproj", "{0BD5E55E-9A79-447E-8DE3-0C6A3524DC83}"
EndProject
Project("{FAE04EC0-301F-11D3-BF4B-00C04F79EFBC}") = "MarketData.Bridge.StockQuote", "src\Bridges\MarketData.StockQuoteServer\MarketData.Bridge.StockQuote.csproj", "{00DCFE27-1940-449D-B1D4-D6003AEF7A40}"
EndProject
Project("{FAE04EC0-301F-11D3-BF4B-00C04F79EFBC}") = "MarketData.Bridge.Stock", "src\Bridges\MarketData.StockServer\MarketData.Bridge.Stock.csproj", "{EE0189FB-2F88-42B2-8C49-71EF4C03C016}"
EndProject
Project("{FAE04EC0-301F-11D3-BF4B-00C04F79EFBC}") = "MarketData.Bridge.Vwap", "src\Bridges\MarketData.VwapServer\MarketData.Bridge.Vwap.csproj", "{14892AFE-E6BD-444B-983A-A6B8B4F200BB}"
EndProject
Project("{2150E333-8FDC-42A3-9474-1A3956D46DE8}") = "test", "test", "{35C3587C-1AB2-4C20-AD67-606234E52C18}"
EndProject
Project("{FAE04EC0-301F-11D3-BF4B-00C04F79EFBC}") = "MarketDataWeb.Tests", "test\MarketDataWeb.Tests\MarketDataWeb.Tests.csproj", "{9E7663C7-D163-4089-BC34-64E489E5BE62}"
EndProject
Global
	GlobalSection(SolutionConfigurationPlatforms) = preSolution
		Debug|Any CPU = Debug|Any CPU
		Debug|x64 = Debug|x64
		Debug|x86 = Debug|x86
		Release|Any CPU = Release|Any CPU
		Release|x64 = Release|x64
		Release|x86 = Release|x86
	EndGlobalSection
	GlobalSection(SolutionProperties) = preSolution
		HideSolutionNode = FALSE
	EndGlobalSection
	GlobalSection(ProjectConfigurationPlatforms) = postSolution
		{C42EECDC-A264-49C2-8571-59FD7B43EAB7}.Debug|Any CPU.ActiveCfg = Debug|Any CPU
		{C42EECDC-A264-49C2-8571-59FD7B43EAB7}.Debug|Any CPU.Build.0 = Debug|Any CPU
		{C42EECDC-A264-49C2-8571-59FD7B43EAB7}.Debug|x64.ActiveCfg = Debug|Any CPU
		{C42EECDC-A264-49C2-8571-59FD7B43EAB7}.Debug|x64.Build.0 = Debug|Any CPU
		{C42EECDC-A264-49C2-8571-59FD7B43EAB7}.Debug|x86.ActiveCfg = Debug|Any CPU
		{C42EECDC-A264-49C2-8571-59FD7B43EAB7}.Debug|x86.Build.0 = Debug|Any CPU
		{C42EECDC-A264-49C2-8571-59FD7B43EAB7}.Release|Any CPU.ActiveCfg = Release|Any CPU
		{C42EECDC-A264-49C2-8571-59FD7B43EAB7}.Release|Any CPU.Build.0 = Release|Any CPU
		{C42EECDC-A264-49C2-8571-59FD7B43EAB7}.Release|x64.ActiveCfg = Release|Any CPU
		{C42EECDC-A264-49C2-8571-59FD7B43EAB7}.Release|x64.Build.0 = Release|Any CPU
		{C42EECDC-A264-49C2-8571-59FD7B43EAB7}.Release|x86.ActiveCfg = Release|Any CPU
		{C42EECDC-A264-49C2-8571-59FD7B43EAB7}.Release|x86.Build.0 = Release|Any CPU
		{9D2B4DA7-5A46-4534-9F7D-FFF3CAFFF6DC}.Debug|Any CPU.ActiveCfg = Debug|Any CPU
		{9D2B4DA7-5A46-4534-9F7D-FFF3CAFFF6DC}.Debug|Any CPU.Build.0 = Debug|Any CPU
		{9D2B4DA7-5A46-4534-9F7D-FFF3CAFFF6DC}.Debug|x64.ActiveCfg = Debug|Any CPU
		{9D2B4DA7-5A46-4534-9F7D-FFF3CAFFF6DC}.Debug|x64.Build.0 = Debug|Any CPU
		{9D2B4DA7-5A46-4534-9F7D-FFF3CAFFF6DC}.Debug|x86.ActiveCfg = Debug|Any CPU
		{9D2B4DA7-5A46-4534-9F7D-FFF3CAFFF6DC}.Debug|x86.Build.0 = Debug|Any CPU
		{9D2B4DA7-5A46-4534-9F7D-FFF3CAFFF6DC}.Release|Any CPU.ActiveCfg = Release|Any CPU
		{9D2B4DA7-5A46-4534-9F7D-FFF3CAFFF6DC}.Release|Any CPU.Build.0 = Release|Any CPU
		{9D2B4DA7-5A46-4534-9F7D-FFF3CAFFF6DC}.Release|x64.ActiveCfg = Release|Any CPU
		{9D2B4DA7-5A46-4534-9F7D-FFF3CAFFF6DC}.Release|x64.Build.0 = Release|Any CPU
		{9D2B4DA7-5A46-4534-9F7D-FFF3CAFFF6DC}.Release|x86.ActiveCfg = Release|Any CPU
		{9D2B4DA7-5A46-4534-9F7D-FFF3CAFFF6DC}.Release|x86.Build.0 = Release|Any CPU
		{0BD5E55E-9A79-447E-8DE3-0C6A3524DC83}.Debug|Any CPU.ActiveCfg = Debug|Any CPU
		{0BD5E55E-9A79-447E-8DE3-0C6A3524DC83}.Debug|Any CPU.Build.0 = Debug|Any CPU
		{0BD5E55E-9A79-447E-8DE3-0C6A3524DC83}.Debug|x64.ActiveCfg = Debug|Any CPU
		{0BD5E55E-9A79-447E-8DE3-0C6A3524DC83}.Debug|x64.Build.0 = Debug|Any CPU
		{0BD5E55E-9A79-447E-8DE3-0C6A3524DC83}.Debug|x86.ActiveCfg = Debug|Any CPU
		{0BD5E55E-9A79-447E-8DE3-0C6A3524DC83}.Debug|x86.Build.0 = Debug|Any CPU
		{0BD5E55E-9A79-447E-8DE3-0C6A3524DC83}.Release|Any CPU.ActiveCfg = Release|Any CPU
		{0BD5E55E-9A79-447E-8DE3-0C6A3524DC83}.Release|Any CPU.Build.0 = Release|Any CPU
		{0BD5E55E-9A79-447E-8DE3-0C6A3524DC83}.Release|x64.ActiveCfg = Release|Any CPU
		{0BD5E55E-9A79-447E-8DE3-0C6A3524DC83}.Release|x64.Build.0 = Release|Any CPU
		{0BD5E55E-9A79-447E-8DE3-0C6A3524DC83}.Release|x86.ActiveCfg = Release|Any CPU
		{0BD5E55E-9A79-447E-8DE3-0C6A3524DC83}.Release|x86.Build.0 = Release|Any CPU
		{00DCFE27-1940-449D-B1D4-D6003AEF7A40}.Debug|Any CPU.ActiveCfg = Debug|Any CPU
		{00DCFE27-1940-449D-B1D4-D6003AEF7A40}.Debug|Any CPU.Build.0 = Debug|Any CPU
		{00DCFE27-1940-449D-B1D4-D6003AEF7A40}.Debug|x64.ActiveCfg = Debug|Any CPU
		{00DCFE27-1940-449D-B1D4-D6003AEF7A40}.Debug|x64.Build.0 = Debug|Any CPU
		{00DCFE27-1940-449D-B1D4-D6003AEF7A40}.Debug|x86.ActiveCfg = Debug|Any CPU
		{00DCFE27-1940-449D-B1D4-D6003AEF7A40}.Debug|x86.Build.0 = Debug|Any CPU
		{00DCFE27-1940-449D-B1D4-D6003AEF7A40}.Release|Any CPU.ActiveCfg = Release|Any CPU
		{00DCFE27-1940-449D-B1D4-D6003AEF7A40}.Release|Any CPU.Build.0 = Release|Any CPU
		{00DCFE27-1940-449D-B1D4-D6003AEF7A40}.Release|x64.ActiveCfg = Release|Any CPU
		{00DCFE27-1940-449D-B1D4-D6003AEF7A40}.Release|x64.Build.0 = Release|Any CPU
		{00DCFE27-1940-449D-B1D4-D6003AEF7A40}.Release|x86.ActiveCfg = Release|Any CPU
		{00DCFE27-1940-449D-B1D4-D6003AEF7A40}.Release|x86.Build.0 = Release|Any CPU
		{EE0189FB-2F88-42B2-8C49-71EF4C03C016}.Debug|Any CPU.ActiveCfg = Debug|Any CPU
		{EE0189FB-2F88-42B2-8C49-71EF4C03C016}.Debug|Any CPU.Build.0 = Debug|Any CPU
		{EE0189FB-2F88-42B2-8C49-71EF4C03C016}.Debug|x64.ActiveCfg = Debug|Any CPU
		{EE0189FB-2F88-42B2-8C49-71EF4C03C016}.Debug|x64.Build.0 = Debug|Any CPU
		{EE0189FB-2F88-42B2-8C49-71EF4C03C016}.Debug|x86.ActiveCfg = Debug|Any CPU
		{EE0189FB-2F88-42B2-8C49-71EF4C03C016}.Debug|x86.Build.0 = Debug|Any CPU
		{EE0189FB-2F88-42B2-8C49-71EF4C03C016}.Release|Any CPU.ActiveCfg = Release|Any CPU
		{EE0189FB-2F88-42B2-8C49-71EF4C03C016}.Release|Any CPU.Build.0 = Release|Any CPU
		{EE0189FB-2F88-42B2-8C49-71EF4C03C016}.Release|x64.ActiveCfg = Release|Any CPU
		{EE0189FB-2F88-42B2-8C49-71EF4C03C016}.Release|x64.Build.0 = Release|Any CPU
		{EE0189FB-2F88-42B2-8C49-71EF4C03C016}.Release|x86.ActiveCfg = Release|Any CPU
		{EE0189FB-2F88-42B2-8C49-71EF4C03C016}.Release|x86.Build.0 = Release|Any CPU
		{14892AFE-E6BD-444B-983A-A6B8B4F200BB}.Debug|Any CPU.ActiveCfg = Debug|Any CPU
		{14892AFE-E6BD-444B-983A-A6B8B4F200BB}.Debug|Any CPU.Build.0 = Debug|Any CPU
		{14892AFE-E6BD-444B-983A-A6B8B4F200BB}.Debug|x64.ActiveCfg = Debug|Any CPU
		{14892AFE-E6BD-444B-983A-A6B8B4F200BB}.Debug|x64.Build.0 = Debug|Any CPU
		{14892AFE-E6BD-444B-983A-A6B8B4F200BB}.Debug|x86.ActiveCfg = Debug|Any CPU
		{14892AFE-E6BD-444B-983A-A6B8B4F200BB}.Debug|x86.Build.0 = Debug|Any CPU
		{14892AFE-E6BD-444B-983A-A6B8B4F200BB}.Release|Any CPU.ActiveCfg = Release|Any CPU
		{14892AFE-E6BD-444B-983A-A6B8B4F200BB}.Release|Any CPU.Build.0 = Release|Any CPU
		{14892AFE-E6BD-444B-983A-A6B8B4F200BB}.Release|x64.ActiveCfg = Release|Any CPU
		{14892AFE-E6BD-444B-983A-A6B8B4F200BB}.Release|x64.Build.0 = Release|Any CPU
		{14892AFE-E6BD-444B-983A-A6B8B4F200BB}.Release|x86.ActiveCfg = Release|Any CPU
		{14892AFE-E6BD-444B-983A-A6B8B4F200BB}.Release|x86.Build.0 = Release|Any CPU
		{9E7663C7-D163-4089-BC34-64E489E5BE62}.Debug|Any CPU.ActiveCfg = Debug|Any CPU
		{9E7663C7-D163-4089-BC34-64E489E5BE62}.Debug|Any CPU.Build.0 = Debug|Any CPU
		{9E7663C7-D163-4089-BC34-64E489E5BE62}.Debug|x64.ActiveCfg = Debug|Any CPU
		{9E7663C7-D163-4089-BC34-64E489E5BE62}.Debug|x64.Build.0 = Debug|Any CPU
		{9E7663C7-D163-4089-BC34-64E489E5BE62}.Debug|x86.ActiveCfg = Debug|Any CPU
		{9E7663C7-D163-4089-BC34-64E489E5BE62}.Debug|x86.Build.0 = Debug|Any CPU
		{9E7663C7-D163-4089-BC34-64E489E5BE62}.Release|Any CPU.ActiveCfg = Release|Any CPU
		{9E7663C7-D163-4089-BC34-64E489E5BE62}.Release|Any CPU.Build.0 = Release|Any CPU
		{9E7663C7-D163-4089-BC34-64E489E5BE62}.Release|x64.ActiveCfg = Release|Any CPU
		{9E7663C7-D163-4089-BC34-64E489E5BE62}.Release|x64.Build.0 = Release|Any CPU
		{9E7663C7-D163-4089-BC34-64E489E5BE62}.Release|x86.ActiveCfg = Release|Any CPU
		{9E7663C7-D163-4089-BC34-64E489E5BE62}.Release|x86.Build.0 = Release|Any CPU
	EndGlobalSection
	GlobalSection(NestedProjects) = preSolution
		{C42EECDC-A264-49C2-8571-59FD7B43EAB7} = {2C99A755-F6D1-4778-AA6B-89BF8D53ACD9}
		{9D2B4DA7-5A46-4534-9F7D-FFF3CAFFF6DC} = {2C99A755-F6D1-4778-AA6B-89BF8D53ACD9}
		{C280EC4A-D766-4AEE-9D24-1116F5942DE1} = {2C99A755-F6D1-4778-AA6B-89BF8D53ACD9}
		{0BD5E55E-9A79-447E-8DE3-0C6A3524DC83} = {C280EC4A-D766-4AEE-9D24-1116F5942DE1}
		{00DCFE27-1940-449D-B1D4-D6003AEF7A40} = {C280EC4A-D766-4AEE-9D24-1116F5942DE1}
		{EE0189FB-2F88-42B2-8C49-71EF4C03C016} = {C280EC4A-D766-4AEE-9D24-1116F5942DE1}
		{14892AFE-E6BD-444B-983A-A6B8B4F200BB} = {C280EC4A-D766-4AEE-9D24-1116F5942DE1}
		{9E7663C7-D163-4089-BC34-64E489E5BE62} = {35C3587C-1AB2-4C20-AD67-606234E52C18}
	EndGlobalSection
EndGlobal
