
Microsoft Visual Studio Solution File, Format Version 12.00
# Visual Studio Version 16
VisualStudioVersion = 16.0.28606.126
MinimumVisualStudioVersion = 10.0.40219.1
Project("{2150E333-8FDC-42A3-9474-1A3956D46DE8}") = "Backends", "Backends", "{8C72E5A6-7EEC-4ED3-8AEF-1A115BEEACA7}"
EndProject
Project("{2150E333-8FDC-42A3-9474-1A3956D46DE8}") = "Bridges", "Bridges", "{3B808AE8-27EC-413D-BC0C-411DC7D6EA8E}"
EndProject
Project("{2150E333-8FDC-42A3-9474-1A3956D46DE8}") = "test", "test", "{C9BAD6CE-2869-4142-B573-69466430F73B}"
EndProject
Project("{9A19103F-16F7-4668-BE54-9A1E7A4F7556}") = "MarketDataWeb.Tests", "test\MarketDataWeb.Tests\MarketDataWeb.Tests.csproj", "{7E3C8769-9919-43E7-A4CE-C8A8444BB0FD}"
EndProject
Project("{9A19103F-16F7-4668-BE54-9A1E7A4F7556}") = "MarketData.Bridge.Forex", "src\Bridges\MarketData.ForexServer\MarketData.Bridge.Forex.csproj", "{8AFC13E6-9678-4B2A-9333-4BE99D934B21}"
EndProject
Project("{9A19103F-16F7-4668-BE54-9A1E7A4F7556}") = "MarketData.Bridge.StockQuote", "src\Bridges\MarketData.StockQuoteServer\MarketData.Bridge.StockQuote.csproj", "{7377FB7F-3CB8-4313-9792-4550EB7908C7}"
EndProject
Project("{9A19103F-16F7-4668-BE54-9A1E7A4F7556}") = "MarketData.Bridge.Stock", "src\Bridges\MarketData.StockServer\MarketData.Bridge.Stock.csproj", "{755F2916-95B7-46E0-AB4B-FE70056A4765}"
EndProject
Project("{9A19103F-16F7-4668-BE54-9A1E7A4F7556}") = "MarketData.Bridge.Vwap", "src\Bridges\MarketData.VwapServer\MarketData.Bridge.Vwap.csproj", "{BE2192AD-332A-4712-8444-6EA93CB29366}"
EndProject
Project("{2150E333-8FDC-42A3-9474-1A3956D46DE8}") = "Common", "Common", "{10E156E8-34DE-48C2-9C98-97B6C2FD6C12}"
EndProject
Project("{9A19103F-16F7-4668-BE54-9A1E7A4F7556}") = "MarketData.Common.Dto", "src\Common\MarketData.Dto\MarketData.Common.Dto.csproj", "{96FA0152-A1E1-4436-A9EC-65E22FF1ED89}"
EndProject
Project("{9A19103F-16F7-4668-BE54-9A1E7A4F7556}") = "MarketData.Common.Infrastructure", "src\Common\MarketData.Infrastructure\MarketData.Common.Infrastructure.csproj", "{79214017-1DD2-461E-96C9-9EEC86DB8542}"
EndProject
Project("{9A19103F-16F7-4668-BE54-9A1E7A4F7556}") = "MarketData.Backends", "src\MarketData.Backends\MarketData.Backends.csproj", "{ADCFEC4F-F5CD-4F0D-8520-95E35A187DC8}"
EndProject
Global
	GlobalSection(SolutionConfigurationPlatforms) = preSolution
		Debug|Any CPU = Debug|Any CPU
		Release|Any CPU = Release|Any CPU
	EndGlobalSection
	GlobalSection(ProjectConfigurationPlatforms) = postSolution
		{7E3C8769-9919-43E7-A4CE-C8A8444BB0FD}.Debug|Any CPU.ActiveCfg = Debug|Any CPU
		{7E3C8769-9919-43E7-A4CE-C8A8444BB0FD}.Debug|Any CPU.Build.0 = Debug|Any CPU
		{7E3C8769-9919-43E7-A4CE-C8A8444BB0FD}.Release|Any CPU.ActiveCfg = Release|Any CPU
		{7E3C8769-9919-43E7-A4CE-C8A8444BB0FD}.Release|Any CPU.Build.0 = Release|Any CPU
		{8AFC13E6-9678-4B2A-9333-4BE99D934B21}.Debug|Any CPU.ActiveCfg = Debug|Any CPU
		{8AFC13E6-9678-4B2A-9333-4BE99D934B21}.Debug|Any CPU.Build.0 = Debug|Any CPU
		{8AFC13E6-9678-4B2A-9333-4BE99D934B21}.Release|Any CPU.ActiveCfg = Release|Any CPU
		{8AFC13E6-9678-4B2A-9333-4BE99D934B21}.Release|Any CPU.Build.0 = Release|Any CPU
		{7377FB7F-3CB8-4313-9792-4550EB7908C7}.Debug|Any CPU.ActiveCfg = Debug|Any CPU
		{7377FB7F-3CB8-4313-9792-4550EB7908C7}.Debug|Any CPU.Build.0 = Debug|Any CPU
		{7377FB7F-3CB8-4313-9792-4550EB7908C7}.Release|Any CPU.ActiveCfg = Release|Any CPU
		{7377FB7F-3CB8-4313-9792-4550EB7908C7}.Release|Any CPU.Build.0 = Release|Any CPU
		{755F2916-95B7-46E0-AB4B-FE70056A4765}.Debug|Any CPU.ActiveCfg = Debug|Any CPU
		{755F2916-95B7-46E0-AB4B-FE70056A4765}.Debug|Any CPU.Build.0 = Debug|Any CPU
		{755F2916-95B7-46E0-AB4B-FE70056A4765}.Release|Any CPU.ActiveCfg = Release|Any CPU
		{755F2916-95B7-46E0-AB4B-FE70056A4765}.Release|Any CPU.Build.0 = Release|Any CPU
		{BE2192AD-332A-4712-8444-6EA93CB29366}.Debug|Any CPU.ActiveCfg = Debug|Any CPU
		{BE2192AD-332A-4712-8444-6EA93CB29366}.Debug|Any CPU.Build.0 = Debug|Any CPU
		{BE2192AD-332A-4712-8444-6EA93CB29366}.Release|Any CPU.ActiveCfg = Release|Any CPU
		{BE2192AD-332A-4712-8444-6EA93CB29366}.Release|Any CPU.Build.0 = Release|Any CPU
		{96FA0152-A1E1-4436-A9EC-65E22FF1ED89}.Debug|Any CPU.ActiveCfg = Debug|Any CPU
		{96FA0152-A1E1-4436-A9EC-65E22FF1ED89}.Debug|Any CPU.Build.0 = Debug|Any CPU
		{96FA0152-A1E1-4436-A9EC-65E22FF1ED89}.Release|Any CPU.ActiveCfg = Release|Any CPU
		{96FA0152-A1E1-4436-A9EC-65E22FF1ED89}.Release|Any CPU.Build.0 = Release|Any CPU
		{79214017-1DD2-461E-96C9-9EEC86DB8542}.Debug|Any CPU.ActiveCfg = Debug|Any CPU
		{79214017-1DD2-461E-96C9-9EEC86DB8542}.Debug|Any CPU.Build.0 = Debug|Any CPU
		{79214017-1DD2-461E-96C9-9EEC86DB8542}.Release|Any CPU.ActiveCfg = Release|Any CPU
		{79214017-1DD2-461E-96C9-9EEC86DB8542}.Release|Any CPU.Build.0 = Release|Any CPU
		{ADCFEC4F-F5CD-4F0D-8520-95E35A187DC8}.Debug|Any CPU.ActiveCfg = Debug|Any CPU
		{ADCFEC4F-F5CD-4F0D-8520-95E35A187DC8}.Debug|Any CPU.Build.0 = Debug|Any CPU
		{ADCFEC4F-F5CD-4F0D-8520-95E35A187DC8}.Release|Any CPU.ActiveCfg = Release|Any CPU
		{ADCFEC4F-F5CD-4F0D-8520-95E35A187DC8}.Release|Any CPU.Build.0 = Release|Any CPU
	EndGlobalSection
	GlobalSection(SolutionProperties) = preSolution
		HideSolutionNode = FALSE
	EndGlobalSection
	GlobalSection(NestedProjects) = preSolution
		{7E3C8769-9919-43E7-A4CE-C8A8444BB0FD} = {C9BAD6CE-2869-4142-B573-69466430F73B}
		{8AFC13E6-9678-4B2A-9333-4BE99D934B21} = {3B808AE8-27EC-413D-BC0C-411DC7D6EA8E}
		{7377FB7F-3CB8-4313-9792-4550EB7908C7} = {3B808AE8-27EC-413D-BC0C-411DC7D6EA8E}
		{755F2916-95B7-46E0-AB4B-FE70056A4765} = {3B808AE8-27EC-413D-BC0C-411DC7D6EA8E}
		{BE2192AD-332A-4712-8444-6EA93CB29366} = {3B808AE8-27EC-413D-BC0C-411DC7D6EA8E}
		{96FA0152-A1E1-4436-A9EC-65E22FF1ED89} = {10E156E8-34DE-48C2-9C98-97B6C2FD6C12}
		{79214017-1DD2-461E-96C9-9EEC86DB8542} = {10E156E8-34DE-48C2-9C98-97B6C2FD6C12}
		{ADCFEC4F-F5CD-4F0D-8520-95E35A187DC8} = {8C72E5A6-7EEC-4ED3-8AEF-1A115BEEACA7}
	EndGlobalSection
	GlobalSection(ExtensibilityGlobals) = postSolution
		SolutionGuid = {83FA2869-8968-4CFD-A625-94D29D0BA228}
	EndGlobalSection
EndGlobal
