
Microsoft Visual Studio Solution File, Format Version 12.00
# Visual Studio 15
VisualStudioVersion = 15.0.26430.12
MinimumVisualStudioVersion = 10.0.40219.1
Project("{2150E333-8FDC-42A3-9474-1A3956D46DE8}") = "Backend", "Backend", "{8C72E5A6-7EEC-4ED3-8AEF-1A115BEEACA7}"
EndProject
Project("{2150E333-8FDC-42A3-9474-1A3956D46DE8}") = "Bridges", "Bridges", "{3B808AE8-27EC-413D-BC0C-411DC7D6EA8E}"
EndProject
Project("{2150E333-8FDC-42A3-9474-1A3956D46DE8}") = "test", "test", "{C9BAD6CE-2869-4142-B573-69466430F73B}"
EndProject
Project("{9A19103F-16F7-4668-BE54-9A1E7A4F7556}") = "MarketDataWeb.Tests", "test\MarketDataWeb.Tests\MarketDataWeb.Tests.csproj", "{7E3C8769-9919-43E7-A4CE-C8A8444BB0FD}"
EndProject
Project("{9A19103F-16F7-4668-BE54-9A1E7A4F7556}") = "MarbleTest.Net", "test\MarbleTest.Net\MarbleTest.Net.csproj", "{C6909F96-8708-4017-A1E1-911D225F44E4}"
EndProject
Project("{9A19103F-16F7-4668-BE54-9A1E7A4F7556}") = "ForexMarket", "src\Backend\ForexMarket\ForexMarket.csproj", "{91155D33-59FD-4511-A345-ABD4A95E3D86}"
EndProject
Project("{9A19103F-16F7-4668-BE54-9A1E7A4F7556}") = "StaticDataMarket", "src\Backend\StaticDataMarket\StaticDataMarket.csproj", "{E9CDDFB6-AA4D-4380-AEB4-8D538F91A459}"
EndProject
Project("{9A19103F-16F7-4668-BE54-9A1E7A4F7556}") = "StockQuoteMarket", "src\Backend\StockQuoteMarket\StockQuoteMarket.csproj", "{DB51B308-7F0F-4896-8ADB-B2FCEEA65332}"
EndProject
Project("{9A19103F-16F7-4668-BE54-9A1E7A4F7556}") = "TradeMarket", "src\Backend\TradeMarket\TradeMarket.csproj", "{F9DBBF40-AA12-4939-B17E-0DC0CA4576E3}"
EndProject
Project("{9A19103F-16F7-4668-BE54-9A1E7A4F7556}") = "MarketData.ForexServer", "src\Bridges\MarketData.ForexServer\MarketData.ForexServer.csproj", "{8AFC13E6-9678-4B2A-9333-4BE99D934B21}"
EndProject
Project("{9A19103F-16F7-4668-BE54-9A1E7A4F7556}") = "MarketData.StockQuoteServer", "src\Bridges\MarketData.StockQuoteServer\MarketData.StockQuoteServer.csproj", "{7377FB7F-3CB8-4313-9792-4550EB7908C7}"
EndProject
Project("{9A19103F-16F7-4668-BE54-9A1E7A4F7556}") = "MarketData.StockServer", "src\Bridges\MarketData.StockServer\MarketData.StockServer.csproj", "{755F2916-95B7-46E0-AB4B-FE70056A4765}"
EndProject
Project("{9A19103F-16F7-4668-BE54-9A1E7A4F7556}") = "MarketData.VwapServer", "src\Bridges\MarketData.VwapServer\MarketData.VwapServer.csproj", "{BE2192AD-332A-4712-8444-6EA93CB29366}"
EndProject
Project("{2150E333-8FDC-42A3-9474-1A3956D46DE8}") = "Common", "Common", "{10E156E8-34DE-48C2-9C98-97B6C2FD6C12}"
EndProject
Project("{9A19103F-16F7-4668-BE54-9A1E7A4F7556}") = "MarketDataCommon", "src\Common\MarketDataCommon\MarketDataCommon.csproj", "{B35CF53F-B3A2-4E40-AB2A-BD22AAD7B291}"
EndProject
Project("{9A19103F-16F7-4668-BE54-9A1E7A4F7556}") = "MarketDataExternalCommon", "src\Common\MarketDataExternalCommon\MarketDataExternalCommon.csproj", "{F92605EA-47EA-499C-B0E7-BD52040C13DB}"
EndProject
Project("{2150E333-8FDC-42A3-9474-1A3956D46DE8}") = "TryingToMerge", "TryingToMerge", "{B939B732-9405-434D-9E5D-F55EE1D4AFE9}"
EndProject
Project("{9A19103F-16F7-4668-BE54-9A1E7A4F7556}") = "MarketDataExternal", "src\Backend\TryingToMerge\MarketDataExternal\MarketDataExternal.csproj", "{1623CB4C-A5A6-4BE2-AB80-C582032BAE27}"
EndProject
Global
	GlobalSection(SolutionConfigurationPlatforms) = preSolution
		Debug|Any CPU = Debug|Any CPU
		Release|Any CPU = Release|Any CPU
	EndGlobalSection
	GlobalSection(ProjectConfigurationPlatforms) = postSolution
		{7E3C8769-9919-43E7-A4CE-C8A8444BB0FD}.Debug|Any CPU.ActiveCfg = Debug|Any CPU
		{7E3C8769-9919-43E7-A4CE-C8A8444BB0FD}.Debug|Any CPU.Build.0 = Debug|Any CPU
		{7E3C8769-9919-43E7-A4CE-C8A8444BB0FD}.Release|Any CPU.ActiveCfg = Release|Any CPU
		{7E3C8769-9919-43E7-A4CE-C8A8444BB0FD}.Release|Any CPU.Build.0 = Release|Any CPU
		{C6909F96-8708-4017-A1E1-911D225F44E4}.Debug|Any CPU.ActiveCfg = Debug|Any CPU
		{C6909F96-8708-4017-A1E1-911D225F44E4}.Debug|Any CPU.Build.0 = Debug|Any CPU
		{C6909F96-8708-4017-A1E1-911D225F44E4}.Release|Any CPU.ActiveCfg = Release|Any CPU
		{C6909F96-8708-4017-A1E1-911D225F44E4}.Release|Any CPU.Build.0 = Release|Any CPU
		{91155D33-59FD-4511-A345-ABD4A95E3D86}.Debug|Any CPU.ActiveCfg = Debug|Any CPU
		{91155D33-59FD-4511-A345-ABD4A95E3D86}.Debug|Any CPU.Build.0 = Debug|Any CPU
		{91155D33-59FD-4511-A345-ABD4A95E3D86}.Release|Any CPU.ActiveCfg = Release|Any CPU
		{91155D33-59FD-4511-A345-ABD4A95E3D86}.Release|Any CPU.Build.0 = Release|Any CPU
		{E9CDDFB6-AA4D-4380-AEB4-8D538F91A459}.Debug|Any CPU.ActiveCfg = Debug|Any CPU
		{E9CDDFB6-AA4D-4380-AEB4-8D538F91A459}.Debug|Any CPU.Build.0 = Debug|Any CPU
		{E9CDDFB6-AA4D-4380-AEB4-8D538F91A459}.Release|Any CPU.ActiveCfg = Release|Any CPU
		{E9CDDFB6-AA4D-4380-AEB4-8D538F91A459}.Release|Any CPU.Build.0 = Release|Any CPU
		{DB51B308-7F0F-4896-8ADB-B2FCEEA65332}.Debug|Any CPU.ActiveCfg = Debug|Any CPU
		{DB51B308-7F0F-4896-8ADB-B2FCEEA65332}.Debug|Any CPU.Build.0 = Debug|Any CPU
		{DB51B308-7F0F-4896-8ADB-B2FCEEA65332}.Release|Any CPU.ActiveCfg = Release|Any CPU
		{DB51B308-7F0F-4896-8ADB-B2FCEEA65332}.Release|Any CPU.Build.0 = Release|Any CPU
		{F9DBBF40-AA12-4939-B17E-0DC0CA4576E3}.Debug|Any CPU.ActiveCfg = Debug|Any CPU
		{F9DBBF40-AA12-4939-B17E-0DC0CA4576E3}.Debug|Any CPU.Build.0 = Debug|Any CPU
		{F9DBBF40-AA12-4939-B17E-0DC0CA4576E3}.Release|Any CPU.ActiveCfg = Release|Any CPU
		{F9DBBF40-AA12-4939-B17E-0DC0CA4576E3}.Release|Any CPU.Build.0 = Release|Any CPU
		{8AFC13E6-9678-4B2A-9333-4BE99D934B21}.Debug|Any CPU.ActiveCfg = Debug|Any CPU
		{8AFC13E6-9678-4B2A-9333-4BE99D934B21}.Debug|Any CPU.Build.0 = Debug|Any CPU
		{8AFC13E6-9678-4B2A-9333-4BE99D934B21}.Release|Any CPU.ActiveCfg = Release|Any CPU
		{8AFC13E6-9678-4B2A-9333-4BE99D934B21}.Release|Any CPU.Build.0 = Release|Any CPU
		{7377FB7F-3CB8-4313-9792-4550EB7908C7}.Debug|Any CPU.ActiveCfg = Debug|Any CPU
		{7377FB7F-3CB8-4313-9792-4550EB7908C7}.Debug|Any CPU.Build.0 = Debug|Any CPU
		{7377FB7F-3CB8-4313-9792-4550EB7908C7}.Release|Any CPU.ActiveCfg = Release|Any CPU
		{7377FB7F-3CB8-4313-9792-4550EB7908C7}.Release|Any CPU.Build.0 = Release|Any CPU
		{755F2916-95B7-46E0-AB4B-FE70056A4765}.Debug|Any CPU.ActiveCfg = Debug|Any CPU
		{755F2916-95B7-46E0-AB4B-FE70056A4765}.Debug|Any CPU.Build.0 = Debug|Any CPU
		{755F2916-95B7-46E0-AB4B-FE70056A4765}.Release|Any CPU.ActiveCfg = Release|Any CPU
		{755F2916-95B7-46E0-AB4B-FE70056A4765}.Release|Any CPU.Build.0 = Release|Any CPU
		{BE2192AD-332A-4712-8444-6EA93CB29366}.Debug|Any CPU.ActiveCfg = Debug|Any CPU
		{BE2192AD-332A-4712-8444-6EA93CB29366}.Debug|Any CPU.Build.0 = Debug|Any CPU
		{BE2192AD-332A-4712-8444-6EA93CB29366}.Release|Any CPU.ActiveCfg = Release|Any CPU
		{BE2192AD-332A-4712-8444-6EA93CB29366}.Release|Any CPU.Build.0 = Release|Any CPU
		{B35CF53F-B3A2-4E40-AB2A-BD22AAD7B291}.Debug|Any CPU.ActiveCfg = Debug|Any CPU
		{B35CF53F-B3A2-4E40-AB2A-BD22AAD7B291}.Debug|Any CPU.Build.0 = Debug|Any CPU
		{B35CF53F-B3A2-4E40-AB2A-BD22AAD7B291}.Release|Any CPU.ActiveCfg = Release|Any CPU
		{B35CF53F-B3A2-4E40-AB2A-BD22AAD7B291}.Release|Any CPU.Build.0 = Release|Any CPU
		{F92605EA-47EA-499C-B0E7-BD52040C13DB}.Debug|Any CPU.ActiveCfg = Debug|Any CPU
		{F92605EA-47EA-499C-B0E7-BD52040C13DB}.Debug|Any CPU.Build.0 = Debug|Any CPU
		{F92605EA-47EA-499C-B0E7-BD52040C13DB}.Release|Any CPU.ActiveCfg = Release|Any CPU
		{F92605EA-47EA-499C-B0E7-BD52040C13DB}.Release|Any CPU.Build.0 = Release|Any CPU
		{1623CB4C-A5A6-4BE2-AB80-C582032BAE27}.Debug|Any CPU.ActiveCfg = Debug|Any CPU
		{1623CB4C-A5A6-4BE2-AB80-C582032BAE27}.Debug|Any CPU.Build.0 = Debug|Any CPU
		{1623CB4C-A5A6-4BE2-AB80-C582032BAE27}.Release|Any CPU.ActiveCfg = Release|Any CPU
		{1623CB4C-A5A6-4BE2-AB80-C582032BAE27}.Release|Any CPU.Build.0 = Release|Any CPU
	EndGlobalSection
	GlobalSection(SolutionProperties) = preSolution
		HideSolutionNode = FALSE
	EndGlobalSection
	GlobalSection(NestedProjects) = preSolution
		{7E3C8769-9919-43E7-A4CE-C8A8444BB0FD} = {C9BAD6CE-2869-4142-B573-69466430F73B}
		{C6909F96-8708-4017-A1E1-911D225F44E4} = {C9BAD6CE-2869-4142-B573-69466430F73B}
		{91155D33-59FD-4511-A345-ABD4A95E3D86} = {8C72E5A6-7EEC-4ED3-8AEF-1A115BEEACA7}
		{E9CDDFB6-AA4D-4380-AEB4-8D538F91A459} = {8C72E5A6-7EEC-4ED3-8AEF-1A115BEEACA7}
		{DB51B308-7F0F-4896-8ADB-B2FCEEA65332} = {8C72E5A6-7EEC-4ED3-8AEF-1A115BEEACA7}
		{F9DBBF40-AA12-4939-B17E-0DC0CA4576E3} = {8C72E5A6-7EEC-4ED3-8AEF-1A115BEEACA7}
		{8AFC13E6-9678-4B2A-9333-4BE99D934B21} = {3B808AE8-27EC-413D-BC0C-411DC7D6EA8E}
		{7377FB7F-3CB8-4313-9792-4550EB7908C7} = {3B808AE8-27EC-413D-BC0C-411DC7D6EA8E}
		{755F2916-95B7-46E0-AB4B-FE70056A4765} = {3B808AE8-27EC-413D-BC0C-411DC7D6EA8E}
		{BE2192AD-332A-4712-8444-6EA93CB29366} = {3B808AE8-27EC-413D-BC0C-411DC7D6EA8E}
		{B35CF53F-B3A2-4E40-AB2A-BD22AAD7B291} = {10E156E8-34DE-48C2-9C98-97B6C2FD6C12}
		{F92605EA-47EA-499C-B0E7-BD52040C13DB} = {10E156E8-34DE-48C2-9C98-97B6C2FD6C12}
		{B939B732-9405-434D-9E5D-F55EE1D4AFE9} = {8C72E5A6-7EEC-4ED3-8AEF-1A115BEEACA7}
		{1623CB4C-A5A6-4BE2-AB80-C582032BAE27} = {B939B732-9405-434D-9E5D-F55EE1D4AFE9}
	EndGlobalSection
EndGlobal
